
Microsoft Visual Studio Solution File, Format Version 12.00
# Visual Studio Version 17
VisualStudioVersion = 17.0.31919.166
MinimumVisualStudioVersion = 10.0.40219.1
Project("{2150E333-8FDC-42A3-9474-1A3956D46DE8}") = "Client", "Client", "{3F2D63E6-5553-45C2-A428-F6936E3FF629}"
EndProject
Project("{2150E333-8FDC-42A3-9474-1A3956D46DE8}") = "Api", "Api", "{CDC7E5E2-0E56-421F-A816-4C3A21AA6CAD}"
EndProject
Project("{2150E333-8FDC-42A3-9474-1A3956D46DE8}") = "Enviorment", "Enviorment", "{FE6335E1-07AA-4D75-8C2E-9E3BAE79D047}"
EndProject
Project("{2150E333-8FDC-42A3-9474-1A3956D46DE8}") = "Docker", "Docker", "{3BE780A8-4417-4F10-9CC9-DA3F172DE59F}"
	ProjectSection(SolutionItems) = preProject
		Enviorment\Docker\docker-compose.yml = Enviorment\Docker\docker-compose.yml
	EndProjectSection
EndProject
Project("{2150E333-8FDC-42A3-9474-1A3956D46DE8}") = "Api", "Api", "{A10EB3C7-B1F7-4122-8012-13400B93B086}"
EndProject
Project("{2150E333-8FDC-42A3-9474-1A3956D46DE8}") = "Dispatchers", "Dispatchers", "{24567527-BAF9-46E4-A0D5-EFDD40C255D3}"
EndProject
Project("{2150E333-8FDC-42A3-9474-1A3956D46DE8}") = "Mediatr", "Mediatr", "{CFEE59DD-29AD-45FA-B2B6-67EB5831349A}"
EndProject
Project("{2150E333-8FDC-42A3-9474-1A3956D46DE8}") = "Core", "Core", "{32C1667C-13ED-4B81-976A-574F73199D8D}"
EndProject
Project("{2150E333-8FDC-42A3-9474-1A3956D46DE8}") = "PersonService", "PersonService", "{005ACE9B-8620-4854-A2C3-0BD5CCE566B2}"
EndProject
Project("{2150E333-8FDC-42A3-9474-1A3956D46DE8}") = "Data", "Data", "{412E79A4-4D2F-4BED-AF4A-F1186AE1975E}"
EndProject
Project("{2150E333-8FDC-42A3-9474-1A3956D46DE8}") = "Adepters", "Adepters", "{D7CDD982-2138-4C03-9ECD-9FFF7F4D49BF}"
EndProject
Project("{2150E333-8FDC-42A3-9474-1A3956D46DE8}") = "Mappers", "Mappers", "{30DEB795-EFE3-469C-9EF0-5BEABEE199FA}"
EndProject
Project("{9A19103F-16F7-4668-BE54-9A1E7A4F7556}") = "Mapper", "Core\Data\Mapper\Mapper.csproj", "{F2879E2C-00D4-4BE7-8213-98517BE67204}"
EndProject
Project("{2150E333-8FDC-42A3-9474-1A3956D46DE8}") = "DAL", "DAL", "{2384D217-DF37-456B-A6AF-E89E50D348B9}"
EndProject
Project("{2150E333-8FDC-42A3-9474-1A3956D46DE8}") = "IndexService", "IndexService", "{EE591DA4-C177-45A2-941E-5C520BA71088}"
EndProject
Project("{2150E333-8FDC-42A3-9474-1A3956D46DE8}") = "MessageBus", "MessageBus", "{644A1B77-EEBB-450A-8364-4B58E84DABC0}"
EndProject
Project("{2150E333-8FDC-42A3-9474-1A3956D46DE8}") = "Domain", "Domain", "{E4346181-A732-46A1-BFF5-C128A1524654}"
EndProject
Project("{2150E333-8FDC-42A3-9474-1A3956D46DE8}") = "Tests", "Tests", "{7004675A-8157-4747-9467-54BE722FFA18}"
EndProject
Project("{2150E333-8FDC-42A3-9474-1A3956D46DE8}") = "Helpers", "Helpers", "{D75C5899-33EF-4AD7-AE9F-5682EDB6476E}"
EndProject
Project("{2150E333-8FDC-42A3-9474-1A3956D46DE8}") = "Validator", "Validator", "{81BFBAB8-2182-47C2-B160-D33401CFF6B6}"
EndProject
Project("{2150E333-8FDC-42A3-9474-1A3956D46DE8}") = "Gateway", "Gateway", "{FE9C1E80-199D-4232-A450-CCC0B1DED847}"
EndProject
Project("{9A19103F-16F7-4668-BE54-9A1E7A4F7556}") = "Gateway.API", "Api\Gateway.API\Gateway.API.csproj", "{1446D608-6CD7-4318-BC1D-BFA80C35BC02}"
EndProject
Project("{9A19103F-16F7-4668-BE54-9A1E7A4F7556}") = "Index.API", "Api\Indexer\Index.API\Index.API.csproj", "{A14BF321-5548-4C64-BC04-AFCE00A62F85}"
EndProject
Project("{9A19103F-16F7-4668-BE54-9A1E7A4F7556}") = "Index.Application", "Api\Indexer\Index.Application\Index.Application.csproj", "{122634BF-A85F-46A6-B18C-731A11EF3E3C}"
EndProject
Project("{9A19103F-16F7-4668-BE54-9A1E7A4F7556}") = "Index.Domain", "Api\Indexer\Index.Domain\Index.Domain.csproj", "{3761EE5F-5006-4898-8930-059782D97E73}"
EndProject
Project("{9A19103F-16F7-4668-BE54-9A1E7A4F7556}") = "Index.Infrastructure", "Api\Indexer\Index.Infrastructure\Index.Infrastructure.csproj", "{B5DF3EAF-4083-4F90-89B0-9CA840E4301D}"
EndProject
Project("{9A19103F-16F7-4668-BE54-9A1E7A4F7556}") = "Person.API", "Api\PersonService\Person.API\Person.API.csproj", "{7F32D675-2D06-4F0B-9465-8553734E41B9}"
EndProject
Project("{9A19103F-16F7-4668-BE54-9A1E7A4F7556}") = "Person.Application", "Api\PersonService\Person.Application\Person.Application.csproj", "{52CDD4E4-D460-47A4-9E3C-42A9DCF6C9C5}"
EndProject
Project("{9A19103F-16F7-4668-BE54-9A1E7A4F7556}") = "Person.Domain", "Api\PersonService\Person.Domain\Person.Domain.csproj", "{8695251E-0CD5-4249-83D9-91FF3D02C57B}"
EndProject
Project("{9A19103F-16F7-4668-BE54-9A1E7A4F7556}") = "Person.Infrastructure", "Api\PersonService\Person.Infrastructure\Person.Infrastructure.csproj", "{30A96DF6-62AD-42BA-A718-7FAB6B0CA215}"
EndProject
Project("{9A19103F-16F7-4668-BE54-9A1E7A4F7556}") = "Person.Persistence", "Api\PersonService\Person.Persistence\Person.Persistence.csproj", "{1B0CE0CD-D398-4D9A-9E0C-243873C9DCEE}"
EndProject
Project("{9A19103F-16F7-4668-BE54-9A1E7A4F7556}") = "Person.Test", "Api\PersonService\Person.Test\Person.Test.csproj", "{1E7EC03F-ECB4-4639-A3DF-A7232C8F21C5}"
EndProject
Project("{9A19103F-16F7-4668-BE54-9A1E7A4F7556}") = "Dispatcher", "Core\API\Dispatchers\Dispatcher\Dispatcher.csproj", "{1D05FCD9-5713-417C-891C-794E1B26E910}"
EndProject
Project("{9A19103F-16F7-4668-BE54-9A1E7A4F7556}") = "MediatRDispatcher", "Core\API\Dispatchers\Mediatr\MediatRDispatcher.csproj", "{A955F0E8-ADA3-4EB0-A93C-4B50EBF6E99B}"
EndProject
Project("{9A19103F-16F7-4668-BE54-9A1E7A4F7556}") = "MessageBusManager", "Core\API\MessageBus\MessageBusManager\MessageBusManager.csproj", "{D6DEC91C-3775-465C-9266-EE7158511FA5}"
EndProject
Project("{9A19103F-16F7-4668-BE54-9A1E7A4F7556}") = "MessageBusDomainEvents", "Core\API\MessageBus\Domain\MessageBusDomainEvents\MessageBusDomainEvents.csproj", "{87365A26-B313-4F46-8F66-61350E280708}"
EndProject
Project("{9A19103F-16F7-4668-BE54-9A1E7A4F7556}") = "EFAdapter", "Core\Data\Adepters\EFAdepter\EFAdapter\EFAdapter.csproj", "{176FE810-9EFE-458C-B155-D4951CD4D854}"
EndProject
Project("{9A19103F-16F7-4668-BE54-9A1E7A4F7556}") = "EFAdapter.Test", "Core\Data\Adepters\EFAdepter\Tests\EFAdapter.Test\EFAdapter.Test.csproj", "{03FEB3B2-4265-4CE9-AE4E-E0DB010A25E1}"
EndProject
Project("{9A19103F-16F7-4668-BE54-9A1E7A4F7556}") = "Repository", "Core\Data\DAL\Repository\Repository.csproj", "{6EB7C37D-C18B-4BDB-B1DA-728B022EC0BB}"
EndProject
Project("{9A19103F-16F7-4668-BE54-9A1E7A4F7556}") = "Exceptions", "Core\Helpers\Exceptions\Exceptions.csproj", "{D3243461-AF1C-4E62-A80D-33029BBC1A5C}"
EndProject
Project("{9A19103F-16F7-4668-BE54-9A1E7A4F7556}") = "Validators", "Core\Helpers\Validator\Validators\Validators.csproj", "{374660B2-5D06-4EF4-9C29-71ED8D878C29}"
EndProject
Project("{9A19103F-16F7-4668-BE54-9A1E7A4F7556}") = "Validators.Test", "Core\Helpers\Validator\Tests\Validators.Test.csproj", "{2D19CBAF-577F-4EDE-BF0F-62B78933C24C}"
EndProject
Project("{2150E333-8FDC-42A3-9474-1A3956D46DE8}") = "Cli", "Cli", "{12E26D12-79D8-434A-B6E1-25895E7DE76F}"
EndProject
Project("{2150E333-8FDC-42A3-9474-1A3956D46DE8}") = "NorthwindService", "NorthwindService", "{73413C0F-D34B-4BDE-98C8-B62BEB39D0CE}"
EndProject
Project("{FAE04EC0-301F-11D3-BF4B-00C04F79EFBC}") = "Northwind.API", "Api\Northwind.Service\Northwind.API\Northwind.API.csproj", "{F4D991FF-5DE8-43A6-825D-B1FE9C822ECC}"
EndProject
Project("{FAE04EC0-301F-11D3-BF4B-00C04F79EFBC}") = "Northwind.Application", "Api\Northwind.Service\Northwind.Application\Northwind.Application.csproj", "{5A89BB10-0FA8-405C-8491-C252752AB3CA}"
EndProject
Project("{FAE04EC0-301F-11D3-BF4B-00C04F79EFBC}") = "Northwind.Domain", "Api\Northwind.Service\Northwind.Domain\Northwind.Domain.csproj", "{67E8D091-249D-4E33-8AD9-2E893D23E831}"
EndProject
Project("{FAE04EC0-301F-11D3-BF4B-00C04F79EFBC}") = "Northwind.Infrastructure", "Api\Northwind.Service\Northwind.Infrastructure\Northwind.Infrastructure.csproj", "{F91BB911-18D0-49DF-B6A9-02CB8810A1A5}"
EndProject
Project("{FAE04EC0-301F-11D3-BF4B-00C04F79EFBC}") = "Northwind.Persistence", "Api\Northwind.Service\Northwind.Persistence\Northwind.Persistence.csproj", "{3D951F2A-1281-44AA-BD21-F0F546AB0A51}"
EndProject
Project("{FAE04EC0-301F-11D3-BF4B-00C04F79EFBC}") = "Northwind.Test", "Api\Northwind.Service\Northwind.Test\Northwind.Test.csproj", "{E2CE4DC2-EE06-4CF1-B4EA-FD5452B2B7CC}"
EndProject
Global
	GlobalSection(SolutionConfigurationPlatforms) = preSolution
		Debug|Any CPU = Debug|Any CPU
		Release|Any CPU = Release|Any CPU
	EndGlobalSection
	GlobalSection(ProjectConfigurationPlatforms) = postSolution
		{F2879E2C-00D4-4BE7-8213-98517BE67204}.Debug|Any CPU.ActiveCfg = Debug|Any CPU
		{F2879E2C-00D4-4BE7-8213-98517BE67204}.Debug|Any CPU.Build.0 = Debug|Any CPU
		{F2879E2C-00D4-4BE7-8213-98517BE67204}.Release|Any CPU.ActiveCfg = Release|Any CPU
		{F2879E2C-00D4-4BE7-8213-98517BE67204}.Release|Any CPU.Build.0 = Release|Any CPU
		{1446D608-6CD7-4318-BC1D-BFA80C35BC02}.Debug|Any CPU.ActiveCfg = Debug|Any CPU
		{1446D608-6CD7-4318-BC1D-BFA80C35BC02}.Debug|Any CPU.Build.0 = Debug|Any CPU
		{1446D608-6CD7-4318-BC1D-BFA80C35BC02}.Release|Any CPU.ActiveCfg = Release|Any CPU
		{1446D608-6CD7-4318-BC1D-BFA80C35BC02}.Release|Any CPU.Build.0 = Release|Any CPU
		{A14BF321-5548-4C64-BC04-AFCE00A62F85}.Debug|Any CPU.ActiveCfg = Debug|Any CPU
		{A14BF321-5548-4C64-BC04-AFCE00A62F85}.Debug|Any CPU.Build.0 = Debug|Any CPU
		{A14BF321-5548-4C64-BC04-AFCE00A62F85}.Release|Any CPU.ActiveCfg = Release|Any CPU
		{A14BF321-5548-4C64-BC04-AFCE00A62F85}.Release|Any CPU.Build.0 = Release|Any CPU
		{122634BF-A85F-46A6-B18C-731A11EF3E3C}.Debug|Any CPU.ActiveCfg = Debug|Any CPU
		{122634BF-A85F-46A6-B18C-731A11EF3E3C}.Debug|Any CPU.Build.0 = Debug|Any CPU
		{122634BF-A85F-46A6-B18C-731A11EF3E3C}.Release|Any CPU.ActiveCfg = Release|Any CPU
		{122634BF-A85F-46A6-B18C-731A11EF3E3C}.Release|Any CPU.Build.0 = Release|Any CPU
		{3761EE5F-5006-4898-8930-059782D97E73}.Debug|Any CPU.ActiveCfg = Debug|Any CPU
		{3761EE5F-5006-4898-8930-059782D97E73}.Debug|Any CPU.Build.0 = Debug|Any CPU
		{3761EE5F-5006-4898-8930-059782D97E73}.Release|Any CPU.ActiveCfg = Release|Any CPU
		{3761EE5F-5006-4898-8930-059782D97E73}.Release|Any CPU.Build.0 = Release|Any CPU
		{B5DF3EAF-4083-4F90-89B0-9CA840E4301D}.Debug|Any CPU.ActiveCfg = Debug|Any CPU
		{B5DF3EAF-4083-4F90-89B0-9CA840E4301D}.Debug|Any CPU.Build.0 = Debug|Any CPU
		{B5DF3EAF-4083-4F90-89B0-9CA840E4301D}.Release|Any CPU.ActiveCfg = Release|Any CPU
		{B5DF3EAF-4083-4F90-89B0-9CA840E4301D}.Release|Any CPU.Build.0 = Release|Any CPU
		{7F32D675-2D06-4F0B-9465-8553734E41B9}.Debug|Any CPU.ActiveCfg = Debug|Any CPU
		{7F32D675-2D06-4F0B-9465-8553734E41B9}.Debug|Any CPU.Build.0 = Debug|Any CPU
		{7F32D675-2D06-4F0B-9465-8553734E41B9}.Release|Any CPU.ActiveCfg = Release|Any CPU
		{7F32D675-2D06-4F0B-9465-8553734E41B9}.Release|Any CPU.Build.0 = Release|Any CPU
		{52CDD4E4-D460-47A4-9E3C-42A9DCF6C9C5}.Debug|Any CPU.ActiveCfg = Debug|Any CPU
		{52CDD4E4-D460-47A4-9E3C-42A9DCF6C9C5}.Debug|Any CPU.Build.0 = Debug|Any CPU
		{52CDD4E4-D460-47A4-9E3C-42A9DCF6C9C5}.Release|Any CPU.ActiveCfg = Release|Any CPU
		{52CDD4E4-D460-47A4-9E3C-42A9DCF6C9C5}.Release|Any CPU.Build.0 = Release|Any CPU
		{8695251E-0CD5-4249-83D9-91FF3D02C57B}.Debug|Any CPU.ActiveCfg = Debug|Any CPU
		{8695251E-0CD5-4249-83D9-91FF3D02C57B}.Debug|Any CPU.Build.0 = Debug|Any CPU
		{8695251E-0CD5-4249-83D9-91FF3D02C57B}.Release|Any CPU.ActiveCfg = Release|Any CPU
		{8695251E-0CD5-4249-83D9-91FF3D02C57B}.Release|Any CPU.Build.0 = Release|Any CPU
		{30A96DF6-62AD-42BA-A718-7FAB6B0CA215}.Debug|Any CPU.ActiveCfg = Debug|Any CPU
		{30A96DF6-62AD-42BA-A718-7FAB6B0CA215}.Debug|Any CPU.Build.0 = Debug|Any CPU
		{30A96DF6-62AD-42BA-A718-7FAB6B0CA215}.Release|Any CPU.ActiveCfg = Release|Any CPU
		{30A96DF6-62AD-42BA-A718-7FAB6B0CA215}.Release|Any CPU.Build.0 = Release|Any CPU
		{1B0CE0CD-D398-4D9A-9E0C-243873C9DCEE}.Debug|Any CPU.ActiveCfg = Debug|Any CPU
		{1B0CE0CD-D398-4D9A-9E0C-243873C9DCEE}.Debug|Any CPU.Build.0 = Debug|Any CPU
		{1B0CE0CD-D398-4D9A-9E0C-243873C9DCEE}.Release|Any CPU.ActiveCfg = Release|Any CPU
		{1B0CE0CD-D398-4D9A-9E0C-243873C9DCEE}.Release|Any CPU.Build.0 = Release|Any CPU
		{1E7EC03F-ECB4-4639-A3DF-A7232C8F21C5}.Debug|Any CPU.ActiveCfg = Debug|Any CPU
		{1E7EC03F-ECB4-4639-A3DF-A7232C8F21C5}.Debug|Any CPU.Build.0 = Debug|Any CPU
		{1E7EC03F-ECB4-4639-A3DF-A7232C8F21C5}.Release|Any CPU.ActiveCfg = Release|Any CPU
		{1E7EC03F-ECB4-4639-A3DF-A7232C8F21C5}.Release|Any CPU.Build.0 = Release|Any CPU
		{1D05FCD9-5713-417C-891C-794E1B26E910}.Debug|Any CPU.ActiveCfg = Debug|Any CPU
		{1D05FCD9-5713-417C-891C-794E1B26E910}.Debug|Any CPU.Build.0 = Debug|Any CPU
		{1D05FCD9-5713-417C-891C-794E1B26E910}.Release|Any CPU.ActiveCfg = Release|Any CPU
		{1D05FCD9-5713-417C-891C-794E1B26E910}.Release|Any CPU.Build.0 = Release|Any CPU
		{A955F0E8-ADA3-4EB0-A93C-4B50EBF6E99B}.Debug|Any CPU.ActiveCfg = Debug|Any CPU
		{A955F0E8-ADA3-4EB0-A93C-4B50EBF6E99B}.Debug|Any CPU.Build.0 = Debug|Any CPU
		{A955F0E8-ADA3-4EB0-A93C-4B50EBF6E99B}.Release|Any CPU.ActiveCfg = Release|Any CPU
		{A955F0E8-ADA3-4EB0-A93C-4B50EBF6E99B}.Release|Any CPU.Build.0 = Release|Any CPU
		{D6DEC91C-3775-465C-9266-EE7158511FA5}.Debug|Any CPU.ActiveCfg = Debug|Any CPU
		{D6DEC91C-3775-465C-9266-EE7158511FA5}.Debug|Any CPU.Build.0 = Debug|Any CPU
		{D6DEC91C-3775-465C-9266-EE7158511FA5}.Release|Any CPU.ActiveCfg = Release|Any CPU
		{D6DEC91C-3775-465C-9266-EE7158511FA5}.Release|Any CPU.Build.0 = Release|Any CPU
		{87365A26-B313-4F46-8F66-61350E280708}.Debug|Any CPU.ActiveCfg = Debug|Any CPU
		{87365A26-B313-4F46-8F66-61350E280708}.Debug|Any CPU.Build.0 = Debug|Any CPU
		{87365A26-B313-4F46-8F66-61350E280708}.Release|Any CPU.ActiveCfg = Release|Any CPU
		{87365A26-B313-4F46-8F66-61350E280708}.Release|Any CPU.Build.0 = Release|Any CPU
		{176FE810-9EFE-458C-B155-D4951CD4D854}.Debug|Any CPU.ActiveCfg = Debug|Any CPU
		{176FE810-9EFE-458C-B155-D4951CD4D854}.Debug|Any CPU.Build.0 = Debug|Any CPU
		{176FE810-9EFE-458C-B155-D4951CD4D854}.Release|Any CPU.ActiveCfg = Release|Any CPU
		{176FE810-9EFE-458C-B155-D4951CD4D854}.Release|Any CPU.Build.0 = Release|Any CPU
		{03FEB3B2-4265-4CE9-AE4E-E0DB010A25E1}.Debug|Any CPU.ActiveCfg = Debug|Any CPU
		{03FEB3B2-4265-4CE9-AE4E-E0DB010A25E1}.Debug|Any CPU.Build.0 = Debug|Any CPU
		{03FEB3B2-4265-4CE9-AE4E-E0DB010A25E1}.Release|Any CPU.ActiveCfg = Release|Any CPU
		{03FEB3B2-4265-4CE9-AE4E-E0DB010A25E1}.Release|Any CPU.Build.0 = Release|Any CPU
		{6EB7C37D-C18B-4BDB-B1DA-728B022EC0BB}.Debug|Any CPU.ActiveCfg = Debug|Any CPU
		{6EB7C37D-C18B-4BDB-B1DA-728B022EC0BB}.Debug|Any CPU.Build.0 = Debug|Any CPU
		{6EB7C37D-C18B-4BDB-B1DA-728B022EC0BB}.Release|Any CPU.ActiveCfg = Release|Any CPU
		{6EB7C37D-C18B-4BDB-B1DA-728B022EC0BB}.Release|Any CPU.Build.0 = Release|Any CPU
		{D3243461-AF1C-4E62-A80D-33029BBC1A5C}.Debug|Any CPU.ActiveCfg = Debug|Any CPU
		{D3243461-AF1C-4E62-A80D-33029BBC1A5C}.Debug|Any CPU.Build.0 = Debug|Any CPU
		{D3243461-AF1C-4E62-A80D-33029BBC1A5C}.Release|Any CPU.ActiveCfg = Release|Any CPU
		{D3243461-AF1C-4E62-A80D-33029BBC1A5C}.Release|Any CPU.Build.0 = Release|Any CPU
		{374660B2-5D06-4EF4-9C29-71ED8D878C29}.Debug|Any CPU.ActiveCfg = Debug|Any CPU
		{374660B2-5D06-4EF4-9C29-71ED8D878C29}.Debug|Any CPU.Build.0 = Debug|Any CPU
		{374660B2-5D06-4EF4-9C29-71ED8D878C29}.Release|Any CPU.ActiveCfg = Release|Any CPU
		{374660B2-5D06-4EF4-9C29-71ED8D878C29}.Release|Any CPU.Build.0 = Release|Any CPU
		{2D19CBAF-577F-4EDE-BF0F-62B78933C24C}.Debug|Any CPU.ActiveCfg = Debug|Any CPU
		{2D19CBAF-577F-4EDE-BF0F-62B78933C24C}.Debug|Any CPU.Build.0 = Debug|Any CPU
		{2D19CBAF-577F-4EDE-BF0F-62B78933C24C}.Release|Any CPU.ActiveCfg = Release|Any CPU
		{2D19CBAF-577F-4EDE-BF0F-62B78933C24C}.Release|Any CPU.Build.0 = Release|Any CPU
		{F4D991FF-5DE8-43A6-825D-B1FE9C822ECC}.Debug|Any CPU.ActiveCfg = Debug|Any CPU
		{F4D991FF-5DE8-43A6-825D-B1FE9C822ECC}.Debug|Any CPU.Build.0 = Debug|Any CPU
		{F4D991FF-5DE8-43A6-825D-B1FE9C822ECC}.Release|Any CPU.ActiveCfg = Release|Any CPU
		{F4D991FF-5DE8-43A6-825D-B1FE9C822ECC}.Release|Any CPU.Build.0 = Release|Any CPU
		{5A89BB10-0FA8-405C-8491-C252752AB3CA}.Debug|Any CPU.ActiveCfg = Debug|Any CPU
		{5A89BB10-0FA8-405C-8491-C252752AB3CA}.Debug|Any CPU.Build.0 = Debug|Any CPU
		{5A89BB10-0FA8-405C-8491-C252752AB3CA}.Release|Any CPU.ActiveCfg = Release|Any CPU
		{5A89BB10-0FA8-405C-8491-C252752AB3CA}.Release|Any CPU.Build.0 = Release|Any CPU
		{67E8D091-249D-4E33-8AD9-2E893D23E831}.Debug|Any CPU.ActiveCfg = Debug|Any CPU
		{67E8D091-249D-4E33-8AD9-2E893D23E831}.Debug|Any CPU.Build.0 = Debug|Any CPU
		{67E8D091-249D-4E33-8AD9-2E893D23E831}.Release|Any CPU.ActiveCfg = Release|Any CPU
		{67E8D091-249D-4E33-8AD9-2E893D23E831}.Release|Any CPU.Build.0 = Release|Any CPU
		{F91BB911-18D0-49DF-B6A9-02CB8810A1A5}.Debug|Any CPU.ActiveCfg = Debug|Any CPU
		{F91BB911-18D0-49DF-B6A9-02CB8810A1A5}.Debug|Any CPU.Build.0 = Debug|Any CPU
		{F91BB911-18D0-49DF-B6A9-02CB8810A1A5}.Release|Any CPU.ActiveCfg = Release|Any CPU
		{F91BB911-18D0-49DF-B6A9-02CB8810A1A5}.Release|Any CPU.Build.0 = Release|Any CPU
		{3D951F2A-1281-44AA-BD21-F0F546AB0A51}.Debug|Any CPU.ActiveCfg = Debug|Any CPU
		{3D951F2A-1281-44AA-BD21-F0F546AB0A51}.Debug|Any CPU.Build.0 = Debug|Any CPU
		{3D951F2A-1281-44AA-BD21-F0F546AB0A51}.Release|Any CPU.ActiveCfg = Release|Any CPU
		{3D951F2A-1281-44AA-BD21-F0F546AB0A51}.Release|Any CPU.Build.0 = Release|Any CPU
		{E2CE4DC2-EE06-4CF1-B4EA-FD5452B2B7CC}.Debug|Any CPU.ActiveCfg = Debug|Any CPU
		{E2CE4DC2-EE06-4CF1-B4EA-FD5452B2B7CC}.Debug|Any CPU.Build.0 = Debug|Any CPU
		{E2CE4DC2-EE06-4CF1-B4EA-FD5452B2B7CC}.Release|Any CPU.ActiveCfg = Release|Any CPU
		{E2CE4DC2-EE06-4CF1-B4EA-FD5452B2B7CC}.Release|Any CPU.Build.0 = Release|Any CPU
	EndGlobalSection
	GlobalSection(SolutionProperties) = preSolution
		HideSolutionNode = FALSE
	EndGlobalSection
	GlobalSection(NestedProjects) = preSolution
		{3BE780A8-4417-4F10-9CC9-DA3F172DE59F} = {FE6335E1-07AA-4D75-8C2E-9E3BAE79D047}
		{A10EB3C7-B1F7-4122-8012-13400B93B086} = {32C1667C-13ED-4B81-976A-574F73199D8D}
		{24567527-BAF9-46E4-A0D5-EFDD40C255D3} = {A10EB3C7-B1F7-4122-8012-13400B93B086}
		{CFEE59DD-29AD-45FA-B2B6-67EB5831349A} = {24567527-BAF9-46E4-A0D5-EFDD40C255D3}
		{005ACE9B-8620-4854-A2C3-0BD5CCE566B2} = {CDC7E5E2-0E56-421F-A816-4C3A21AA6CAD}
		{412E79A4-4D2F-4BED-AF4A-F1186AE1975E} = {32C1667C-13ED-4B81-976A-574F73199D8D}
		{D7CDD982-2138-4C03-9ECD-9FFF7F4D49BF} = {412E79A4-4D2F-4BED-AF4A-F1186AE1975E}
		{30DEB795-EFE3-469C-9EF0-5BEABEE199FA} = {412E79A4-4D2F-4BED-AF4A-F1186AE1975E}
		{F2879E2C-00D4-4BE7-8213-98517BE67204} = {30DEB795-EFE3-469C-9EF0-5BEABEE199FA}
		{2384D217-DF37-456B-A6AF-E89E50D348B9} = {412E79A4-4D2F-4BED-AF4A-F1186AE1975E}
		{EE591DA4-C177-45A2-941E-5C520BA71088} = {CDC7E5E2-0E56-421F-A816-4C3A21AA6CAD}
		{644A1B77-EEBB-450A-8364-4B58E84DABC0} = {A10EB3C7-B1F7-4122-8012-13400B93B086}
		{E4346181-A732-46A1-BFF5-C128A1524654} = {644A1B77-EEBB-450A-8364-4B58E84DABC0}
		{D75C5899-33EF-4AD7-AE9F-5682EDB6476E} = {32C1667C-13ED-4B81-976A-574F73199D8D}
		{81BFBAB8-2182-47C2-B160-D33401CFF6B6} = {D75C5899-33EF-4AD7-AE9F-5682EDB6476E}
		{FE9C1E80-199D-4232-A450-CCC0B1DED847} = {CDC7E5E2-0E56-421F-A816-4C3A21AA6CAD}
		{1446D608-6CD7-4318-BC1D-BFA80C35BC02} = {FE9C1E80-199D-4232-A450-CCC0B1DED847}
		{A14BF321-5548-4C64-BC04-AFCE00A62F85} = {EE591DA4-C177-45A2-941E-5C520BA71088}
		{122634BF-A85F-46A6-B18C-731A11EF3E3C} = {EE591DA4-C177-45A2-941E-5C520BA71088}
		{3761EE5F-5006-4898-8930-059782D97E73} = {EE591DA4-C177-45A2-941E-5C520BA71088}
		{B5DF3EAF-4083-4F90-89B0-9CA840E4301D} = {EE591DA4-C177-45A2-941E-5C520BA71088}
		{7F32D675-2D06-4F0B-9465-8553734E41B9} = {005ACE9B-8620-4854-A2C3-0BD5CCE566B2}
		{52CDD4E4-D460-47A4-9E3C-42A9DCF6C9C5} = {005ACE9B-8620-4854-A2C3-0BD5CCE566B2}
		{8695251E-0CD5-4249-83D9-91FF3D02C57B} = {005ACE9B-8620-4854-A2C3-0BD5CCE566B2}
		{30A96DF6-62AD-42BA-A718-7FAB6B0CA215} = {005ACE9B-8620-4854-A2C3-0BD5CCE566B2}
		{1B0CE0CD-D398-4D9A-9E0C-243873C9DCEE} = {005ACE9B-8620-4854-A2C3-0BD5CCE566B2}
		{1E7EC03F-ECB4-4639-A3DF-A7232C8F21C5} = {005ACE9B-8620-4854-A2C3-0BD5CCE566B2}
		{1D05FCD9-5713-417C-891C-794E1B26E910} = {24567527-BAF9-46E4-A0D5-EFDD40C255D3}
		{A955F0E8-ADA3-4EB0-A93C-4B50EBF6E99B} = {CFEE59DD-29AD-45FA-B2B6-67EB5831349A}
		{D6DEC91C-3775-465C-9266-EE7158511FA5} = {644A1B77-EEBB-450A-8364-4B58E84DABC0}
		{87365A26-B313-4F46-8F66-61350E280708} = {E4346181-A732-46A1-BFF5-C128A1524654}
		{176FE810-9EFE-458C-B155-D4951CD4D854} = {D7CDD982-2138-4C03-9ECD-9FFF7F4D49BF}
		{03FEB3B2-4265-4CE9-AE4E-E0DB010A25E1} = {D7CDD982-2138-4C03-9ECD-9FFF7F4D49BF}
		{6EB7C37D-C18B-4BDB-B1DA-728B022EC0BB} = {2384D217-DF37-456B-A6AF-E89E50D348B9}
		{D3243461-AF1C-4E62-A80D-33029BBC1A5C} = {D75C5899-33EF-4AD7-AE9F-5682EDB6476E}
		{374660B2-5D06-4EF4-9C29-71ED8D878C29} = {81BFBAB8-2182-47C2-B160-D33401CFF6B6}
		{2D19CBAF-577F-4EDE-BF0F-62B78933C24C} = {81BFBAB8-2182-47C2-B160-D33401CFF6B6}
		{73413C0F-D34B-4BDE-98C8-B62BEB39D0CE} = {CDC7E5E2-0E56-421F-A816-4C3A21AA6CAD}
		{F4D991FF-5DE8-43A6-825D-B1FE9C822ECC} = {73413C0F-D34B-4BDE-98C8-B62BEB39D0CE}
		{5A89BB10-0FA8-405C-8491-C252752AB3CA} = {73413C0F-D34B-4BDE-98C8-B62BEB39D0CE}
		{67E8D091-249D-4E33-8AD9-2E893D23E831} = {73413C0F-D34B-4BDE-98C8-B62BEB39D0CE}
		{F91BB911-18D0-49DF-B6A9-02CB8810A1A5} = {73413C0F-D34B-4BDE-98C8-B62BEB39D0CE}
		{3D951F2A-1281-44AA-BD21-F0F546AB0A51} = {73413C0F-D34B-4BDE-98C8-B62BEB39D0CE}
		{E2CE4DC2-EE06-4CF1-B4EA-FD5452B2B7CC} = {73413C0F-D34B-4BDE-98C8-B62BEB39D0CE}
	EndGlobalSection
	GlobalSection(ExtensibilityGlobals) = postSolution
		SolutionGuid = {5A094378-5160-4230-B971-46A7250D60C4}
	EndGlobalSection
EndGlobal
