
Microsoft Visual Studio Solution File, Format Version 12.00
# Visual Studio Version 17
VisualStudioVersion = 17.0.31919.166
MinimumVisualStudioVersion = 10.0.40219.1
Project("{2150E333-8FDC-42A3-9474-1A3956D46DE8}") = "Client", "Client", "{3F2D63E6-5553-45C2-A428-F6936E3FF629}"
EndProject
Project("{2150E333-8FDC-42A3-9474-1A3956D46DE8}") = "Api", "Api", "{CDC7E5E2-0E56-421F-A816-4C3A21AA6CAD}"
EndProject
Project("{2150E333-8FDC-42A3-9474-1A3956D46DE8}") = "Enviorment", "Enviorment", "{FE6335E1-07AA-4D75-8C2E-9E3BAE79D047}"
EndProject
Project("{2150E333-8FDC-42A3-9474-1A3956D46DE8}") = "Docker", "Docker", "{3BE780A8-4417-4F10-9CC9-DA3F172DE59F}"
	ProjectSection(SolutionItems) = preProject
		Enviorment\Docker\docker-compose.yml = Enviorment\Docker\docker-compose.yml
	EndProjectSection
EndProject
Project("{2150E333-8FDC-42A3-9474-1A3956D46DE8}") = "Api", "Api", "{A10EB3C7-B1F7-4122-8012-13400B93B086}"
EndProject
Project("{2150E333-8FDC-42A3-9474-1A3956D46DE8}") = "Dispatchers", "Dispatchers", "{24567527-BAF9-46E4-A0D5-EFDD40C255D3}"
EndProject
Project("{2150E333-8FDC-42A3-9474-1A3956D46DE8}") = "Mediatr", "Mediatr", "{CFEE59DD-29AD-45FA-B2B6-67EB5831349A}"
EndProject
Project("{2150E333-8FDC-42A3-9474-1A3956D46DE8}") = "Core", "Core", "{32C1667C-13ED-4B81-976A-574F73199D8D}"
EndProject
Project("{2150E333-8FDC-42A3-9474-1A3956D46DE8}") = "Data", "Data", "{412E79A4-4D2F-4BED-AF4A-F1186AE1975E}"
EndProject
Project("{2150E333-8FDC-42A3-9474-1A3956D46DE8}") = "Adepters", "Adepters", "{D7CDD982-2138-4C03-9ECD-9FFF7F4D49BF}"
EndProject
Project("{2150E333-8FDC-42A3-9474-1A3956D46DE8}") = "Mappers", "Mappers", "{30DEB795-EFE3-469C-9EF0-5BEABEE199FA}"
EndProject
Project("{9A19103F-16F7-4668-BE54-9A1E7A4F7556}") = "Mapper", "Core\Data\Mapper\Mapper.csproj", "{F2879E2C-00D4-4BE7-8213-98517BE67204}"
EndProject
Project("{2150E333-8FDC-42A3-9474-1A3956D46DE8}") = "DAL", "DAL", "{2384D217-DF37-456B-A6AF-E89E50D348B9}"
EndProject
Project("{2150E333-8FDC-42A3-9474-1A3956D46DE8}") = "IndexService", "IndexService", "{EE591DA4-C177-45A2-941E-5C520BA71088}"
EndProject
Project("{2150E333-8FDC-42A3-9474-1A3956D46DE8}") = "MessageBus", "MessageBus", "{644A1B77-EEBB-450A-8364-4B58E84DABC0}"
EndProject
Project("{2150E333-8FDC-42A3-9474-1A3956D46DE8}") = "Domain", "Domain", "{E4346181-A732-46A1-BFF5-C128A1524654}"
EndProject
Project("{2150E333-8FDC-42A3-9474-1A3956D46DE8}") = "Tests", "Tests", "{7004675A-8157-4747-9467-54BE722FFA18}"
EndProject
Project("{2150E333-8FDC-42A3-9474-1A3956D46DE8}") = "Helpers", "Helpers", "{D75C5899-33EF-4AD7-AE9F-5682EDB6476E}"
EndProject
Project("{2150E333-8FDC-42A3-9474-1A3956D46DE8}") = "Validator", "Validator", "{81BFBAB8-2182-47C2-B160-D33401CFF6B6}"
EndProject
Project("{2150E333-8FDC-42A3-9474-1A3956D46DE8}") = "Gateway", "Gateway", "{FE9C1E80-199D-4232-A450-CCC0B1DED847}"
EndProject
Project("{9A19103F-16F7-4668-BE54-9A1E7A4F7556}") = "Gateway.API", "Api\Gateway.API\Gateway.API.csproj", "{1446D608-6CD7-4318-BC1D-BFA80C35BC02}"
EndProject
Project("{9A19103F-16F7-4668-BE54-9A1E7A4F7556}") = "Dispatcher", "Core\API\Dispatchers\Dispatcher\Dispatcher.csproj", "{1D05FCD9-5713-417C-891C-794E1B26E910}"
EndProject
Project("{9A19103F-16F7-4668-BE54-9A1E7A4F7556}") = "MediatRDispatcher", "Core\API\Dispatchers\Mediatr\MediatRDispatcher.csproj", "{A955F0E8-ADA3-4EB0-A93C-4B50EBF6E99B}"
EndProject
Project("{9A19103F-16F7-4668-BE54-9A1E7A4F7556}") = "MessageBusManager", "Core\API\MessageBus\MessageBusManager\MessageBusManager.csproj", "{D6DEC91C-3775-465C-9266-EE7158511FA5}"
EndProject
Project("{9A19103F-16F7-4668-BE54-9A1E7A4F7556}") = "MessageBusDomainEvents", "Core\API\MessageBus\Domain\MessageBusDomainEvents\MessageBusDomainEvents.csproj", "{87365A26-B313-4F46-8F66-61350E280708}"
EndProject
Project("{9A19103F-16F7-4668-BE54-9A1E7A4F7556}") = "EFAdapter", "Core\Data\Adepters\EFAdepter\EFAdapter\EFAdapter.csproj", "{176FE810-9EFE-458C-B155-D4951CD4D854}"
EndProject
Project("{9A19103F-16F7-4668-BE54-9A1E7A4F7556}") = "EFAdapter.Test", "Core\Data\Adepters\EFAdepter\Tests\EFAdapter.Test\EFAdapter.Test.csproj", "{03FEB3B2-4265-4CE9-AE4E-E0DB010A25E1}"
EndProject
Project("{9A19103F-16F7-4668-BE54-9A1E7A4F7556}") = "Repository", "Core\Data\DAL\Repository\Repository.csproj", "{6EB7C37D-C18B-4BDB-B1DA-728B022EC0BB}"
EndProject
Project("{9A19103F-16F7-4668-BE54-9A1E7A4F7556}") = "Exceptions", "Core\Helpers\Exceptions\Exceptions.csproj", "{D3243461-AF1C-4E62-A80D-33029BBC1A5C}"
EndProject
Project("{9A19103F-16F7-4668-BE54-9A1E7A4F7556}") = "Validators", "Core\Helpers\Validator\Validators\Validators.csproj", "{374660B2-5D06-4EF4-9C29-71ED8D878C29}"
EndProject
Project("{9A19103F-16F7-4668-BE54-9A1E7A4F7556}") = "Validators.Test", "Core\Helpers\Validator\Tests\Validators.Test.csproj", "{2D19CBAF-577F-4EDE-BF0F-62B78933C24C}"
EndProject
Project("{2150E333-8FDC-42A3-9474-1A3956D46DE8}") = "Cli", "Cli", "{12E26D12-79D8-434A-B6E1-25895E7DE76F}"
EndProject
Project("{2150E333-8FDC-42A3-9474-1A3956D46DE8}") = "NorthwindService", "NorthwindService", "{73413C0F-D34B-4BDE-98C8-B62BEB39D0CE}"
EndProject
Project("{2150E333-8FDC-42A3-9474-1A3956D46DE8}") = "AuthenticationService", "AuthenticationService", "{59A81AEB-83D2-46EC-BA9F-0288526515AC}"
EndProject
Project("{2150E333-8FDC-42A3-9474-1A3956D46DE8}") = "Services", "Services", "{D40C726D-F4AC-418C-8A07-027DA0398076}"
EndProject
Project("{9A19103F-16F7-4668-BE54-9A1E7A4F7556}") = "Index.API", "Api\Services\Index.Service\Index.API\Index.API.csproj", "{EECD1B68-7420-4AEC-9C22-0EED83B51B5F}"
EndProject
Project("{9A19103F-16F7-4668-BE54-9A1E7A4F7556}") = "Index.Application", "Api\Services\Index.Service\Index.Application\Index.Application.csproj", "{06AEE51A-D863-4D42-B063-5B4589F1E698}"
EndProject
Project("{9A19103F-16F7-4668-BE54-9A1E7A4F7556}") = "Index.Domain", "Api\Services\Index.Service\Index.Domain\Index.Domain.csproj", "{B79254B4-315A-4894-AF82-3EDEEC516807}"
EndProject
Project("{9A19103F-16F7-4668-BE54-9A1E7A4F7556}") = "Index.Infrastructure", "Api\Services\Index.Service\Index.Infrastructure\Index.Infrastructure.csproj", "{9495536B-7808-4EBA-93FD-031818CB0DB4}"
EndProject
Project("{9A19103F-16F7-4668-BE54-9A1E7A4F7556}") = "Index.Test", "Api\Services\Index.Service\Index.Test\Index.Test\Index.Test.csproj", "{E49E6D18-8C4C-444C-8FDD-6C49558F552C}"
EndProject
Project("{9A19103F-16F7-4668-BE54-9A1E7A4F7556}") = "Northwind.API", "Api\Services\Northwind.Service\Northwind.API\Northwind.API.csproj", "{52C940FE-080F-4B97-8E3D-19531703EA84}"
EndProject
Project("{9A19103F-16F7-4668-BE54-9A1E7A4F7556}") = "Northwind.Application", "Api\Services\Northwind.Service\Northwind.Application\Northwind.Application.csproj", "{7E5B0424-9A68-41CE-AD77-F9C39A92ECC5}"
EndProject
Project("{9A19103F-16F7-4668-BE54-9A1E7A4F7556}") = "Northwind.Domain", "Api\Services\Northwind.Service\Northwind.Domain\Northwind.Domain.csproj", "{C01CA751-E15E-45FF-B24E-256861D0FFAB}"
EndProject
Project("{9A19103F-16F7-4668-BE54-9A1E7A4F7556}") = "Northwind.Infrastructure", "Api\Services\Northwind.Service\Northwind.Infrastructure\Northwind.Infrastructure.csproj", "{6FA16650-ABF5-4399-BE8D-D50C57E087CB}"
EndProject
Project("{9A19103F-16F7-4668-BE54-9A1E7A4F7556}") = "Northwind.Persistence", "Api\Services\Northwind.Service\Northwind.Persistence\Northwind.Persistence.csproj", "{75CBEF5C-83B0-41EC-BF84-7B531E79E84C}"
EndProject
Project("{9A19103F-16F7-4668-BE54-9A1E7A4F7556}") = "Northwind.Test", "Api\Services\Northwind.Service\Northwind.Test\Northwind.Test.csproj", "{0D31B7A2-A4EC-4E37-B17C-B2A0232314CF}"
EndProject
Project("{FAE04EC0-301F-11D3-BF4B-00C04F79EFBC}") = "Authentication.API", "Api\Services\Authentication.Service\Authentication.API\Authentication.API.csproj", "{2C5A8EEE-9CC1-4819-BE56-19824F8A0C07}"
EndProject
Project("{FAE04EC0-301F-11D3-BF4B-00C04F79EFBC}") = "Authentication.Domain", "Api\Services\Authentication.Service\Authentication.Domain\Authentication.Domain.csproj", "{0EAF6FD3-028E-44E3-90F3-656DD87F2EC1}"
EndProject
Project("{FAE04EC0-301F-11D3-BF4B-00C04F79EFBC}") = "Authentication.Infrastructure", "Api\Services\Authentication.Service\Authentication.Infrastructure\Authentication.Infrastructure.csproj", "{D3D991A3-6FEF-4229-9EC8-B4DA3EB7ECAF}"
EndProject
Project("{FAE04EC0-301F-11D3-BF4B-00C04F79EFBC}") = "Authentication.Application", "Api\Services\Authentication.Service\Authentication.Application\Authentication.Application.csproj", "{2413E534-D277-4B39-A60F-80F8123AC688}"
EndProject
Project("{FAE04EC0-301F-11D3-BF4B-00C04F79EFBC}") = "Authentication.Test", "Api\Services\Authentication.Service\Authentication.Test\Authentication.Test.csproj", "{39084651-1ED7-4302-94DD-EE23434A2423}"
EndProject
Project("{FAE04EC0-301F-11D3-BF4B-00C04F79EFBC}") = "Authentication.Persistence", "Api\Services\Authentication.Service\Authentication.Persistence\Authentication.Persistence.csproj", "{B6509A90-9437-4E4D-9C2D-0DD1F6C07AAF}"
EndProject
Global
	GlobalSection(SolutionConfigurationPlatforms) = preSolution
		Debug|Any CPU = Debug|Any CPU
		Release|Any CPU = Release|Any CPU
	EndGlobalSection
	GlobalSection(ProjectConfigurationPlatforms) = postSolution
		{F2879E2C-00D4-4BE7-8213-98517BE67204}.Debug|Any CPU.ActiveCfg = Debug|Any CPU
		{F2879E2C-00D4-4BE7-8213-98517BE67204}.Debug|Any CPU.Build.0 = Debug|Any CPU
		{F2879E2C-00D4-4BE7-8213-98517BE67204}.Release|Any CPU.ActiveCfg = Release|Any CPU
		{F2879E2C-00D4-4BE7-8213-98517BE67204}.Release|Any CPU.Build.0 = Release|Any CPU
		{1446D608-6CD7-4318-BC1D-BFA80C35BC02}.Debug|Any CPU.ActiveCfg = Debug|Any CPU
		{1446D608-6CD7-4318-BC1D-BFA80C35BC02}.Debug|Any CPU.Build.0 = Debug|Any CPU
		{1446D608-6CD7-4318-BC1D-BFA80C35BC02}.Release|Any CPU.ActiveCfg = Release|Any CPU
		{1446D608-6CD7-4318-BC1D-BFA80C35BC02}.Release|Any CPU.Build.0 = Release|Any CPU
		{1D05FCD9-5713-417C-891C-794E1B26E910}.Debug|Any CPU.ActiveCfg = Debug|Any CPU
		{1D05FCD9-5713-417C-891C-794E1B26E910}.Debug|Any CPU.Build.0 = Debug|Any CPU
		{1D05FCD9-5713-417C-891C-794E1B26E910}.Release|Any CPU.ActiveCfg = Release|Any CPU
		{1D05FCD9-5713-417C-891C-794E1B26E910}.Release|Any CPU.Build.0 = Release|Any CPU
		{A955F0E8-ADA3-4EB0-A93C-4B50EBF6E99B}.Debug|Any CPU.ActiveCfg = Debug|Any CPU
		{A955F0E8-ADA3-4EB0-A93C-4B50EBF6E99B}.Debug|Any CPU.Build.0 = Debug|Any CPU
		{A955F0E8-ADA3-4EB0-A93C-4B50EBF6E99B}.Release|Any CPU.ActiveCfg = Release|Any CPU
		{A955F0E8-ADA3-4EB0-A93C-4B50EBF6E99B}.Release|Any CPU.Build.0 = Release|Any CPU
		{D6DEC91C-3775-465C-9266-EE7158511FA5}.Debug|Any CPU.ActiveCfg = Debug|Any CPU
		{D6DEC91C-3775-465C-9266-EE7158511FA5}.Debug|Any CPU.Build.0 = Debug|Any CPU
		{D6DEC91C-3775-465C-9266-EE7158511FA5}.Release|Any CPU.ActiveCfg = Release|Any CPU
		{D6DEC91C-3775-465C-9266-EE7158511FA5}.Release|Any CPU.Build.0 = Release|Any CPU
		{87365A26-B313-4F46-8F66-61350E280708}.Debug|Any CPU.ActiveCfg = Debug|Any CPU
		{87365A26-B313-4F46-8F66-61350E280708}.Debug|Any CPU.Build.0 = Debug|Any CPU
		{87365A26-B313-4F46-8F66-61350E280708}.Release|Any CPU.ActiveCfg = Release|Any CPU
		{87365A26-B313-4F46-8F66-61350E280708}.Release|Any CPU.Build.0 = Release|Any CPU
		{176FE810-9EFE-458C-B155-D4951CD4D854}.Debug|Any CPU.ActiveCfg = Debug|Any CPU
		{176FE810-9EFE-458C-B155-D4951CD4D854}.Debug|Any CPU.Build.0 = Debug|Any CPU
		{176FE810-9EFE-458C-B155-D4951CD4D854}.Release|Any CPU.ActiveCfg = Release|Any CPU
		{176FE810-9EFE-458C-B155-D4951CD4D854}.Release|Any CPU.Build.0 = Release|Any CPU
		{03FEB3B2-4265-4CE9-AE4E-E0DB010A25E1}.Debug|Any CPU.ActiveCfg = Debug|Any CPU
		{03FEB3B2-4265-4CE9-AE4E-E0DB010A25E1}.Debug|Any CPU.Build.0 = Debug|Any CPU
		{03FEB3B2-4265-4CE9-AE4E-E0DB010A25E1}.Release|Any CPU.ActiveCfg = Release|Any CPU
		{03FEB3B2-4265-4CE9-AE4E-E0DB010A25E1}.Release|Any CPU.Build.0 = Release|Any CPU
		{6EB7C37D-C18B-4BDB-B1DA-728B022EC0BB}.Debug|Any CPU.ActiveCfg = Debug|Any CPU
		{6EB7C37D-C18B-4BDB-B1DA-728B022EC0BB}.Debug|Any CPU.Build.0 = Debug|Any CPU
		{6EB7C37D-C18B-4BDB-B1DA-728B022EC0BB}.Release|Any CPU.ActiveCfg = Release|Any CPU
		{6EB7C37D-C18B-4BDB-B1DA-728B022EC0BB}.Release|Any CPU.Build.0 = Release|Any CPU
		{D3243461-AF1C-4E62-A80D-33029BBC1A5C}.Debug|Any CPU.ActiveCfg = Debug|Any CPU
		{D3243461-AF1C-4E62-A80D-33029BBC1A5C}.Debug|Any CPU.Build.0 = Debug|Any CPU
		{D3243461-AF1C-4E62-A80D-33029BBC1A5C}.Release|Any CPU.ActiveCfg = Release|Any CPU
		{D3243461-AF1C-4E62-A80D-33029BBC1A5C}.Release|Any CPU.Build.0 = Release|Any CPU
		{374660B2-5D06-4EF4-9C29-71ED8D878C29}.Debug|Any CPU.ActiveCfg = Debug|Any CPU
		{374660B2-5D06-4EF4-9C29-71ED8D878C29}.Debug|Any CPU.Build.0 = Debug|Any CPU
		{374660B2-5D06-4EF4-9C29-71ED8D878C29}.Release|Any CPU.ActiveCfg = Release|Any CPU
		{374660B2-5D06-4EF4-9C29-71ED8D878C29}.Release|Any CPU.Build.0 = Release|Any CPU
		{2D19CBAF-577F-4EDE-BF0F-62B78933C24C}.Debug|Any CPU.ActiveCfg = Debug|Any CPU
		{2D19CBAF-577F-4EDE-BF0F-62B78933C24C}.Debug|Any CPU.Build.0 = Debug|Any CPU
		{2D19CBAF-577F-4EDE-BF0F-62B78933C24C}.Release|Any CPU.ActiveCfg = Release|Any CPU
		{2D19CBAF-577F-4EDE-BF0F-62B78933C24C}.Release|Any CPU.Build.0 = Release|Any CPU
		{EECD1B68-7420-4AEC-9C22-0EED83B51B5F}.Debug|Any CPU.ActiveCfg = Debug|Any CPU
		{EECD1B68-7420-4AEC-9C22-0EED83B51B5F}.Debug|Any CPU.Build.0 = Debug|Any CPU
		{EECD1B68-7420-4AEC-9C22-0EED83B51B5F}.Release|Any CPU.ActiveCfg = Release|Any CPU
		{EECD1B68-7420-4AEC-9C22-0EED83B51B5F}.Release|Any CPU.Build.0 = Release|Any CPU
		{06AEE51A-D863-4D42-B063-5B4589F1E698}.Debug|Any CPU.ActiveCfg = Debug|Any CPU
		{06AEE51A-D863-4D42-B063-5B4589F1E698}.Debug|Any CPU.Build.0 = Debug|Any CPU
		{06AEE51A-D863-4D42-B063-5B4589F1E698}.Release|Any CPU.ActiveCfg = Release|Any CPU
		{06AEE51A-D863-4D42-B063-5B4589F1E698}.Release|Any CPU.Build.0 = Release|Any CPU
		{B79254B4-315A-4894-AF82-3EDEEC516807}.Debug|Any CPU.ActiveCfg = Debug|Any CPU
		{B79254B4-315A-4894-AF82-3EDEEC516807}.Debug|Any CPU.Build.0 = Debug|Any CPU
		{B79254B4-315A-4894-AF82-3EDEEC516807}.Release|Any CPU.ActiveCfg = Release|Any CPU
		{B79254B4-315A-4894-AF82-3EDEEC516807}.Release|Any CPU.Build.0 = Release|Any CPU
		{9495536B-7808-4EBA-93FD-031818CB0DB4}.Debug|Any CPU.ActiveCfg = Debug|Any CPU
		{9495536B-7808-4EBA-93FD-031818CB0DB4}.Debug|Any CPU.Build.0 = Debug|Any CPU
		{9495536B-7808-4EBA-93FD-031818CB0DB4}.Release|Any CPU.ActiveCfg = Release|Any CPU
		{9495536B-7808-4EBA-93FD-031818CB0DB4}.Release|Any CPU.Build.0 = Release|Any CPU
		{E49E6D18-8C4C-444C-8FDD-6C49558F552C}.Debug|Any CPU.ActiveCfg = Debug|Any CPU
		{E49E6D18-8C4C-444C-8FDD-6C49558F552C}.Debug|Any CPU.Build.0 = Debug|Any CPU
		{E49E6D18-8C4C-444C-8FDD-6C49558F552C}.Release|Any CPU.ActiveCfg = Release|Any CPU
		{E49E6D18-8C4C-444C-8FDD-6C49558F552C}.Release|Any CPU.Build.0 = Release|Any CPU
		{52C940FE-080F-4B97-8E3D-19531703EA84}.Debug|Any CPU.ActiveCfg = Debug|Any CPU
		{52C940FE-080F-4B97-8E3D-19531703EA84}.Debug|Any CPU.Build.0 = Debug|Any CPU
		{52C940FE-080F-4B97-8E3D-19531703EA84}.Release|Any CPU.ActiveCfg = Release|Any CPU
		{52C940FE-080F-4B97-8E3D-19531703EA84}.Release|Any CPU.Build.0 = Release|Any CPU
		{7E5B0424-9A68-41CE-AD77-F9C39A92ECC5}.Debug|Any CPU.ActiveCfg = Debug|Any CPU
		{7E5B0424-9A68-41CE-AD77-F9C39A92ECC5}.Debug|Any CPU.Build.0 = Debug|Any CPU
		{7E5B0424-9A68-41CE-AD77-F9C39A92ECC5}.Release|Any CPU.ActiveCfg = Release|Any CPU
		{7E5B0424-9A68-41CE-AD77-F9C39A92ECC5}.Release|Any CPU.Build.0 = Release|Any CPU
		{C01CA751-E15E-45FF-B24E-256861D0FFAB}.Debug|Any CPU.ActiveCfg = Debug|Any CPU
		{C01CA751-E15E-45FF-B24E-256861D0FFAB}.Debug|Any CPU.Build.0 = Debug|Any CPU
		{C01CA751-E15E-45FF-B24E-256861D0FFAB}.Release|Any CPU.ActiveCfg = Release|Any CPU
		{C01CA751-E15E-45FF-B24E-256861D0FFAB}.Release|Any CPU.Build.0 = Release|Any CPU
		{6FA16650-ABF5-4399-BE8D-D50C57E087CB}.Debug|Any CPU.ActiveCfg = Debug|Any CPU
		{6FA16650-ABF5-4399-BE8D-D50C57E087CB}.Debug|Any CPU.Build.0 = Debug|Any CPU
		{6FA16650-ABF5-4399-BE8D-D50C57E087CB}.Release|Any CPU.ActiveCfg = Release|Any CPU
		{6FA16650-ABF5-4399-BE8D-D50C57E087CB}.Release|Any CPU.Build.0 = Release|Any CPU
		{75CBEF5C-83B0-41EC-BF84-7B531E79E84C}.Debug|Any CPU.ActiveCfg = Debug|Any CPU
		{75CBEF5C-83B0-41EC-BF84-7B531E79E84C}.Debug|Any CPU.Build.0 = Debug|Any CPU
		{75CBEF5C-83B0-41EC-BF84-7B531E79E84C}.Release|Any CPU.ActiveCfg = Release|Any CPU
		{75CBEF5C-83B0-41EC-BF84-7B531E79E84C}.Release|Any CPU.Build.0 = Release|Any CPU
		{0D31B7A2-A4EC-4E37-B17C-B2A0232314CF}.Debug|Any CPU.ActiveCfg = Debug|Any CPU
		{0D31B7A2-A4EC-4E37-B17C-B2A0232314CF}.Debug|Any CPU.Build.0 = Debug|Any CPU
		{0D31B7A2-A4EC-4E37-B17C-B2A0232314CF}.Release|Any CPU.ActiveCfg = Release|Any CPU
		{0D31B7A2-A4EC-4E37-B17C-B2A0232314CF}.Release|Any CPU.Build.0 = Release|Any CPU
		{2C5A8EEE-9CC1-4819-BE56-19824F8A0C07}.Debug|Any CPU.ActiveCfg = Debug|Any CPU
		{2C5A8EEE-9CC1-4819-BE56-19824F8A0C07}.Debug|Any CPU.Build.0 = Debug|Any CPU
		{2C5A8EEE-9CC1-4819-BE56-19824F8A0C07}.Release|Any CPU.ActiveCfg = Release|Any CPU
		{2C5A8EEE-9CC1-4819-BE56-19824F8A0C07}.Release|Any CPU.Build.0 = Release|Any CPU
		{0EAF6FD3-028E-44E3-90F3-656DD87F2EC1}.Debug|Any CPU.ActiveCfg = Debug|Any CPU
		{0EAF6FD3-028E-44E3-90F3-656DD87F2EC1}.Debug|Any CPU.Build.0 = Debug|Any CPU
		{0EAF6FD3-028E-44E3-90F3-656DD87F2EC1}.Release|Any CPU.ActiveCfg = Release|Any CPU
		{0EAF6FD3-028E-44E3-90F3-656DD87F2EC1}.Release|Any CPU.Build.0 = Release|Any CPU
		{D3D991A3-6FEF-4229-9EC8-B4DA3EB7ECAF}.Debug|Any CPU.ActiveCfg = Debug|Any CPU
		{D3D991A3-6FEF-4229-9EC8-B4DA3EB7ECAF}.Debug|Any CPU.Build.0 = Debug|Any CPU
		{D3D991A3-6FEF-4229-9EC8-B4DA3EB7ECAF}.Release|Any CPU.ActiveCfg = Release|Any CPU
		{D3D991A3-6FEF-4229-9EC8-B4DA3EB7ECAF}.Release|Any CPU.Build.0 = Release|Any CPU
		{2413E534-D277-4B39-A60F-80F8123AC688}.Debug|Any CPU.ActiveCfg = Debug|Any CPU
		{2413E534-D277-4B39-A60F-80F8123AC688}.Debug|Any CPU.Build.0 = Debug|Any CPU
		{2413E534-D277-4B39-A60F-80F8123AC688}.Release|Any CPU.ActiveCfg = Release|Any CPU
		{2413E534-D277-4B39-A60F-80F8123AC688}.Release|Any CPU.Build.0 = Release|Any CPU
		{39084651-1ED7-4302-94DD-EE23434A2423}.Debug|Any CPU.ActiveCfg = Debug|Any CPU
		{39084651-1ED7-4302-94DD-EE23434A2423}.Debug|Any CPU.Build.0 = Debug|Any CPU
		{39084651-1ED7-4302-94DD-EE23434A2423}.Release|Any CPU.ActiveCfg = Release|Any CPU
		{39084651-1ED7-4302-94DD-EE23434A2423}.Release|Any CPU.Build.0 = Release|Any CPU
		{B6509A90-9437-4E4D-9C2D-0DD1F6C07AAF}.Debug|Any CPU.ActiveCfg = Debug|Any CPU
		{B6509A90-9437-4E4D-9C2D-0DD1F6C07AAF}.Debug|Any CPU.Build.0 = Debug|Any CPU
		{B6509A90-9437-4E4D-9C2D-0DD1F6C07AAF}.Release|Any CPU.ActiveCfg = Release|Any CPU
		{B6509A90-9437-4E4D-9C2D-0DD1F6C07AAF}.Release|Any CPU.Build.0 = Release|Any CPU
	EndGlobalSection
	GlobalSection(SolutionProperties) = preSolution
		HideSolutionNode = FALSE
	EndGlobalSection
	GlobalSection(NestedProjects) = preSolution
		{3BE780A8-4417-4F10-9CC9-DA3F172DE59F} = {FE6335E1-07AA-4D75-8C2E-9E3BAE79D047}
		{A10EB3C7-B1F7-4122-8012-13400B93B086} = {32C1667C-13ED-4B81-976A-574F73199D8D}
		{24567527-BAF9-46E4-A0D5-EFDD40C255D3} = {A10EB3C7-B1F7-4122-8012-13400B93B086}
		{CFEE59DD-29AD-45FA-B2B6-67EB5831349A} = {24567527-BAF9-46E4-A0D5-EFDD40C255D3}
		{412E79A4-4D2F-4BED-AF4A-F1186AE1975E} = {32C1667C-13ED-4B81-976A-574F73199D8D}
		{D7CDD982-2138-4C03-9ECD-9FFF7F4D49BF} = {412E79A4-4D2F-4BED-AF4A-F1186AE1975E}
		{30DEB795-EFE3-469C-9EF0-5BEABEE199FA} = {412E79A4-4D2F-4BED-AF4A-F1186AE1975E}
		{F2879E2C-00D4-4BE7-8213-98517BE67204} = {30DEB795-EFE3-469C-9EF0-5BEABEE199FA}
		{2384D217-DF37-456B-A6AF-E89E50D348B9} = {412E79A4-4D2F-4BED-AF4A-F1186AE1975E}
		{EE591DA4-C177-45A2-941E-5C520BA71088} = {D40C726D-F4AC-418C-8A07-027DA0398076}
		{644A1B77-EEBB-450A-8364-4B58E84DABC0} = {A10EB3C7-B1F7-4122-8012-13400B93B086}
		{E4346181-A732-46A1-BFF5-C128A1524654} = {644A1B77-EEBB-450A-8364-4B58E84DABC0}
		{D75C5899-33EF-4AD7-AE9F-5682EDB6476E} = {32C1667C-13ED-4B81-976A-574F73199D8D}
		{81BFBAB8-2182-47C2-B160-D33401CFF6B6} = {D75C5899-33EF-4AD7-AE9F-5682EDB6476E}
		{FE9C1E80-199D-4232-A450-CCC0B1DED847} = {CDC7E5E2-0E56-421F-A816-4C3A21AA6CAD}
		{1446D608-6CD7-4318-BC1D-BFA80C35BC02} = {FE9C1E80-199D-4232-A450-CCC0B1DED847}
		{1D05FCD9-5713-417C-891C-794E1B26E910} = {24567527-BAF9-46E4-A0D5-EFDD40C255D3}
		{A955F0E8-ADA3-4EB0-A93C-4B50EBF6E99B} = {CFEE59DD-29AD-45FA-B2B6-67EB5831349A}
		{D6DEC91C-3775-465C-9266-EE7158511FA5} = {644A1B77-EEBB-450A-8364-4B58E84DABC0}
		{87365A26-B313-4F46-8F66-61350E280708} = {E4346181-A732-46A1-BFF5-C128A1524654}
		{176FE810-9EFE-458C-B155-D4951CD4D854} = {D7CDD982-2138-4C03-9ECD-9FFF7F4D49BF}
		{03FEB3B2-4265-4CE9-AE4E-E0DB010A25E1} = {D7CDD982-2138-4C03-9ECD-9FFF7F4D49BF}
		{6EB7C37D-C18B-4BDB-B1DA-728B022EC0BB} = {2384D217-DF37-456B-A6AF-E89E50D348B9}
		{D3243461-AF1C-4E62-A80D-33029BBC1A5C} = {D75C5899-33EF-4AD7-AE9F-5682EDB6476E}
		{374660B2-5D06-4EF4-9C29-71ED8D878C29} = {81BFBAB8-2182-47C2-B160-D33401CFF6B6}
		{2D19CBAF-577F-4EDE-BF0F-62B78933C24C} = {81BFBAB8-2182-47C2-B160-D33401CFF6B6}
		{73413C0F-D34B-4BDE-98C8-B62BEB39D0CE} = {D40C726D-F4AC-418C-8A07-027DA0398076}
		{59A81AEB-83D2-46EC-BA9F-0288526515AC} = {D40C726D-F4AC-418C-8A07-027DA0398076}
		{D40C726D-F4AC-418C-8A07-027DA0398076} = {CDC7E5E2-0E56-421F-A816-4C3A21AA6CAD}
		{EECD1B68-7420-4AEC-9C22-0EED83B51B5F} = {EE591DA4-C177-45A2-941E-5C520BA71088}
		{06AEE51A-D863-4D42-B063-5B4589F1E698} = {EE591DA4-C177-45A2-941E-5C520BA71088}
		{B79254B4-315A-4894-AF82-3EDEEC516807} = {EE591DA4-C177-45A2-941E-5C520BA71088}
		{9495536B-7808-4EBA-93FD-031818CB0DB4} = {EE591DA4-C177-45A2-941E-5C520BA71088}
		{E49E6D18-8C4C-444C-8FDD-6C49558F552C} = {EE591DA4-C177-45A2-941E-5C520BA71088}
		{52C940FE-080F-4B97-8E3D-19531703EA84} = {73413C0F-D34B-4BDE-98C8-B62BEB39D0CE}
		{7E5B0424-9A68-41CE-AD77-F9C39A92ECC5} = {73413C0F-D34B-4BDE-98C8-B62BEB39D0CE}
		{C01CA751-E15E-45FF-B24E-256861D0FFAB} = {73413C0F-D34B-4BDE-98C8-B62BEB39D0CE}
		{6FA16650-ABF5-4399-BE8D-D50C57E087CB} = {73413C0F-D34B-4BDE-98C8-B62BEB39D0CE}
		{75CBEF5C-83B0-41EC-BF84-7B531E79E84C} = {73413C0F-D34B-4BDE-98C8-B62BEB39D0CE}
		{0D31B7A2-A4EC-4E37-B17C-B2A0232314CF} = {73413C0F-D34B-4BDE-98C8-B62BEB39D0CE}
		{2C5A8EEE-9CC1-4819-BE56-19824F8A0C07} = {59A81AEB-83D2-46EC-BA9F-0288526515AC}
		{0EAF6FD3-028E-44E3-90F3-656DD87F2EC1} = {59A81AEB-83D2-46EC-BA9F-0288526515AC}
		{D3D991A3-6FEF-4229-9EC8-B4DA3EB7ECAF} = {59A81AEB-83D2-46EC-BA9F-0288526515AC}
		{2413E534-D277-4B39-A60F-80F8123AC688} = {59A81AEB-83D2-46EC-BA9F-0288526515AC}
		{39084651-1ED7-4302-94DD-EE23434A2423} = {59A81AEB-83D2-46EC-BA9F-0288526515AC}
		{B6509A90-9437-4E4D-9C2D-0DD1F6C07AAF} = {59A81AEB-83D2-46EC-BA9F-0288526515AC}
	EndGlobalSection
	GlobalSection(ExtensibilityGlobals) = postSolution
		SolutionGuid = {5A094378-5160-4230-B971-46A7250D60C4}
	EndGlobalSection
EndGlobal
